
Microsoft Visual Studio Solution File, Format Version 12.00
# Visual Studio Version 17
VisualStudioVersion = 17.2.32516.85
MinimumVisualStudioVersion = 10.0.40219.1
Project("{2150E333-8FDC-42A3-9474-1A3956D46DE8}") = "Sources", "Sources", "{731E93BA-2006-47B3-A891-822F1F186A42}"
EndProject
Project("{2150E333-8FDC-42A3-9474-1A3956D46DE8}") = "Tests", "Tests", "{9FFA83DA-7FD7-46CD-B3F6-4F3B21D916E1}"
EndProject
Project("{9A19103F-16F7-4668-BE54-9A1E7A4F7556}") = "ToyRobot.Domain", "Sources\Domain\ToyRobot.Domain.csproj", "{E84C504C-5213-4714-8409-6B112756B34F}"
EndProject
Project("{9A19103F-16F7-4668-BE54-9A1E7A4F7556}") = "ToyRobot.Infrastructure", "Sources\Infrastructure\ToyRobot.Infrastructure.csproj", "{15DBF56E-9C2C-4360-B5FC-47B098A66A81}"
EndProject
Project("{9A19103F-16F7-4668-BE54-9A1E7A4F7556}") = "ToyRobot.ConsoleApplication", "Sources\ToyRobot\ToyRobot.ConsoleApplication.csproj", "{5A7D5C5D-7F82-4ED7-A0AA-2F8E5C3AEDB8}"
EndProject
Project("{FAE04EC0-301F-11D3-BF4B-00C04F79EFBC}") = "ToyRobot.ConsoleApplication.Tests", "ToyRobot.ConsoleApplication.Tests\ToyRobot.ConsoleApplication.Tests.csproj", "{656DA9C4-423E-4E73-81FF-0DC09078EC47}"
EndProject
Project("{FAE04EC0-301F-11D3-BF4B-00C04F79EFBC}") = "ToyRobot.Domain.Tests", "ToyRobot.Domain.Tests\ToyRobot.Domain.Tests.csproj", "{C32D0D29-A83E-4DB6-AE1C-07949C36A899}"
EndProject
Project("{FAE04EC0-301F-11D3-BF4B-00C04F79EFBC}") = "ToyRobot.Infrastructure.Tests", "ToyRobot.Infrastructure.Tests\ToyRobot.Infrastructure.Tests.csproj", "{31AD15DB-4F44-4A18-B38F-D5AB448F72CA}"
EndProject
Global
	GlobalSection(SolutionConfigurationPlatforms) = preSolution
		Debug|Any CPU = Debug|Any CPU
		Release|Any CPU = Release|Any CPU
	EndGlobalSection
	GlobalSection(ProjectConfigurationPlatforms) = postSolution
		{E84C504C-5213-4714-8409-6B112756B34F}.Debug|Any CPU.ActiveCfg = Debug|Any CPU
		{E84C504C-5213-4714-8409-6B112756B34F}.Debug|Any CPU.Build.0 = Debug|Any CPU
		{E84C504C-5213-4714-8409-6B112756B34F}.Release|Any CPU.ActiveCfg = Release|Any CPU
		{E84C504C-5213-4714-8409-6B112756B34F}.Release|Any CPU.Build.0 = Release|Any CPU
		{15DBF56E-9C2C-4360-B5FC-47B098A66A81}.Debug|Any CPU.ActiveCfg = Debug|Any CPU
		{15DBF56E-9C2C-4360-B5FC-47B098A66A81}.Debug|Any CPU.Build.0 = Debug|Any CPU
		{15DBF56E-9C2C-4360-B5FC-47B098A66A81}.Release|Any CPU.ActiveCfg = Release|Any CPU
		{15DBF56E-9C2C-4360-B5FC-47B098A66A81}.Release|Any CPU.Build.0 = Release|Any CPU
		{5A7D5C5D-7F82-4ED7-A0AA-2F8E5C3AEDB8}.Debug|Any CPU.ActiveCfg = Debug|Any CPU
		{5A7D5C5D-7F82-4ED7-A0AA-2F8E5C3AEDB8}.Debug|Any CPU.Build.0 = Debug|Any CPU
		{5A7D5C5D-7F82-4ED7-A0AA-2F8E5C3AEDB8}.Release|Any CPU.ActiveCfg = Release|Any CPU
		{5A7D5C5D-7F82-4ED7-A0AA-2F8E5C3AEDB8}.Release|Any CPU.Build.0 = Release|Any CPU
		{656DA9C4-423E-4E73-81FF-0DC09078EC47}.Debug|Any CPU.ActiveCfg = Debug|Any CPU
		{656DA9C4-423E-4E73-81FF-0DC09078EC47}.Debug|Any CPU.Build.0 = Debug|Any CPU
		{656DA9C4-423E-4E73-81FF-0DC09078EC47}.Release|Any CPU.ActiveCfg = Release|Any CPU
		{656DA9C4-423E-4E73-81FF-0DC09078EC47}.Release|Any CPU.Build.0 = Release|Any CPU
		{C32D0D29-A83E-4DB6-AE1C-07949C36A899}.Debug|Any CPU.ActiveCfg = Debug|Any CPU
		{C32D0D29-A83E-4DB6-AE1C-07949C36A899}.Debug|Any CPU.Build.0 = Debug|Any CPU
		{C32D0D29-A83E-4DB6-AE1C-07949C36A899}.Release|Any CPU.ActiveCfg = Release|Any CPU
		{C32D0D29-A83E-4DB6-AE1C-07949C36A899}.Release|Any CPU.Build.0 = Release|Any CPU
		{31AD15DB-4F44-4A18-B38F-D5AB448F72CA}.Debug|Any CPU.ActiveCfg = Debug|Any CPU
		{31AD15DB-4F44-4A18-B38F-D5AB448F72CA}.Debug|Any CPU.Build.0 = Debug|Any CPU
		{31AD15DB-4F44-4A18-B38F-D5AB448F72CA}.Release|Any CPU.ActiveCfg = Release|Any CPU
		{31AD15DB-4F44-4A18-B38F-D5AB448F72CA}.Release|Any CPU.Build.0 = Release|Any CPU
	EndGlobalSection
	GlobalSection(SolutionProperties) = preSolution
		HideSolutionNode = FALSE
	EndGlobalSection
	GlobalSection(NestedProjects) = preSolution
		{E84C504C-5213-4714-8409-6B112756B34F} = {731E93BA-2006-47B3-A891-822F1F186A42}
		{15DBF56E-9C2C-4360-B5FC-47B098A66A81} = {731E93BA-2006-47B3-A891-822F1F186A42}
		{5A7D5C5D-7F82-4ED7-A0AA-2F8E5C3AEDB8} = {731E93BA-2006-47B3-A891-822F1F186A42}
		{656DA9C4-423E-4E73-81FF-0DC09078EC47} = {9FFA83DA-7FD7-46CD-B3F6-4F3B21D916E1}
		{C32D0D29-A83E-4DB6-AE1C-07949C36A899} = {9FFA83DA-7FD7-46CD-B3F6-4F3B21D916E1}
		{31AD15DB-4F44-4A18-B38F-D5AB448F72CA} = {9FFA83DA-7FD7-46CD-B3F6-4F3B21D916E1}
	EndGlobalSection
	GlobalSection(ExtensibilityGlobals) = postSolution
		SolutionGuid = {B0C7D02F-3AAB-4C65-8495-475981EA0CA0}
	EndGlobalSection
EndGlobal
