
Microsoft Visual Studio Solution File, Format Version 12.00
# Visual Studio Version 17
VisualStudioVersion = 17.2.32516.85
MinimumVisualStudioVersion = 10.0.40219.1
Project("{2150E333-8FDC-42A3-9474-1A3956D46DE8}") = "Sources", "Sources", "{731E93BA-2006-47B3-A891-822F1F186A42}"
EndProject
Project("{2150E333-8FDC-42A3-9474-1A3956D46DE8}") = "Tests", "Tests", "{9FFA83DA-7FD7-46CD-B3F6-4F3B21D916E1}"
EndProject
Project("{9A19103F-16F7-4668-BE54-9A1E7A4F7556}") = "ToyRobot.Domain", "Sources\Domain\ToyRobot.Domain.csproj", "{E84C504C-5213-4714-8409-6B112756B34F}"
EndProject
Project("{9A19103F-16F7-4668-BE54-9A1E7A4F7556}") = "ToyRobot.Infrastructure", "Sources\Infrastructure\ToyRobot.Infrastructure.csproj", "{15DBF56E-9C2C-4360-B5FC-47B098A66A81}"
EndProject
Project("{9A19103F-16F7-4668-BE54-9A1E7A4F7556}") = "ToyRobot.ConsoleApplication", "Sources\ToyRobot\ToyRobot.ConsoleApplication.csproj", "{5A7D5C5D-7F82-4ED7-A0AA-2F8E5C3AEDB8}"
EndProject
Project("{9A19103F-16F7-4668-BE54-9A1E7A4F7556}") = "ToyRobot.ConsoleApplication.Tests", "Tests\ToyRobot.ConsoleApplication.Tests\ToyRobot.ConsoleApplication.Tests.csproj", "{41932D7F-3AD1-4AC6-8CBE-82BAB2D31C6F}"
EndProject
Project("{9A19103F-16F7-4668-BE54-9A1E7A4F7556}") = "ToyRobot.Domain.Tests", "Tests\ToyRobot.Domain.Tests\ToyRobot.Domain.Tests.csproj", "{7E9CFF73-279D-431D-B65A-03CAD0F4357F}"
EndProject
Global
	GlobalSection(SolutionConfigurationPlatforms) = preSolution
		Debug|Any CPU = Debug|Any CPU
		Release|Any CPU = Release|Any CPU
	EndGlobalSection
	GlobalSection(ProjectConfigurationPlatforms) = postSolution
		{E84C504C-5213-4714-8409-6B112756B34F}.Debug|Any CPU.ActiveCfg = Debug|Any CPU
		{E84C504C-5213-4714-8409-6B112756B34F}.Debug|Any CPU.Build.0 = Debug|Any CPU
		{E84C504C-5213-4714-8409-6B112756B34F}.Release|Any CPU.ActiveCfg = Release|Any CPU
		{E84C504C-5213-4714-8409-6B112756B34F}.Release|Any CPU.Build.0 = Release|Any CPU
		{15DBF56E-9C2C-4360-B5FC-47B098A66A81}.Debug|Any CPU.ActiveCfg = Debug|Any CPU
		{15DBF56E-9C2C-4360-B5FC-47B098A66A81}.Debug|Any CPU.Build.0 = Debug|Any CPU
		{15DBF56E-9C2C-4360-B5FC-47B098A66A81}.Release|Any CPU.ActiveCfg = Release|Any CPU
		{15DBF56E-9C2C-4360-B5FC-47B098A66A81}.Release|Any CPU.Build.0 = Release|Any CPU
		{5A7D5C5D-7F82-4ED7-A0AA-2F8E5C3AEDB8}.Debug|Any CPU.ActiveCfg = Debug|Any CPU
		{5A7D5C5D-7F82-4ED7-A0AA-2F8E5C3AEDB8}.Debug|Any CPU.Build.0 = Debug|Any CPU
		{5A7D5C5D-7F82-4ED7-A0AA-2F8E5C3AEDB8}.Release|Any CPU.ActiveCfg = Release|Any CPU
		{5A7D5C5D-7F82-4ED7-A0AA-2F8E5C3AEDB8}.Release|Any CPU.Build.0 = Release|Any CPU
		{41932D7F-3AD1-4AC6-8CBE-82BAB2D31C6F}.Debug|Any CPU.ActiveCfg = Debug|Any CPU
		{41932D7F-3AD1-4AC6-8CBE-82BAB2D31C6F}.Debug|Any CPU.Build.0 = Debug|Any CPU
		{41932D7F-3AD1-4AC6-8CBE-82BAB2D31C6F}.Release|Any CPU.ActiveCfg = Release|Any CPU
		{41932D7F-3AD1-4AC6-8CBE-82BAB2D31C6F}.Release|Any CPU.Build.0 = Release|Any CPU
		{7E9CFF73-279D-431D-B65A-03CAD0F4357F}.Debug|Any CPU.ActiveCfg = Debug|Any CPU
		{7E9CFF73-279D-431D-B65A-03CAD0F4357F}.Debug|Any CPU.Build.0 = Debug|Any CPU
		{7E9CFF73-279D-431D-B65A-03CAD0F4357F}.Release|Any CPU.ActiveCfg = Release|Any CPU
		{7E9CFF73-279D-431D-B65A-03CAD0F4357F}.Release|Any CPU.Build.0 = Release|Any CPU
	EndGlobalSection
	GlobalSection(SolutionProperties) = preSolution
		HideSolutionNode = FALSE
	EndGlobalSection
	GlobalSection(NestedProjects) = preSolution
		{E84C504C-5213-4714-8409-6B112756B34F} = {731E93BA-2006-47B3-A891-822F1F186A42}
		{15DBF56E-9C2C-4360-B5FC-47B098A66A81} = {731E93BA-2006-47B3-A891-822F1F186A42}
		{5A7D5C5D-7F82-4ED7-A0AA-2F8E5C3AEDB8} = {731E93BA-2006-47B3-A891-822F1F186A42}
		{41932D7F-3AD1-4AC6-8CBE-82BAB2D31C6F} = {9FFA83DA-7FD7-46CD-B3F6-4F3B21D916E1}
		{7E9CFF73-279D-431D-B65A-03CAD0F4357F} = {9FFA83DA-7FD7-46CD-B3F6-4F3B21D916E1}
	EndGlobalSection
	GlobalSection(ExtensibilityGlobals) = postSolution
		SolutionGuid = {B0C7D02F-3AAB-4C65-8495-475981EA0CA0}
	EndGlobalSection
EndGlobal
